<?xml version="1.0" encoding="utf-8"?>
<Project ToolsVersion="4.0" xmlns="http://schemas.microsoft.com/developer/msbuild/2003">
  <ItemGroup>
    <Filter Include="Core">
      <UniqueIdentifier>{31b28190-0e50-43a3-a325-defeb6e4943a}</UniqueIdentifier>
    </Filter>
    <Filter Include="AI">
      <UniqueIdentifier>{fe0f4c26-a7bd-4415-be33-cf02d18a3cdf}</UniqueIdentifier>
    </Filter>
    <Filter Include="AI\Agent">
      <UniqueIdentifier>{5baf3a89-d8a0-4d1c-93a8-2d55c85d08eb}</UniqueIdentifier>
    </Filter>
    <Filter Include="AI\State">
      <UniqueIdentifier>{61d7ed33-ebe0-4908-85ef-cb86b34b5248}</UniqueIdentifier>
    </Filter>
  </ItemGroup>
  <ItemGroup>
    <ClCompile Include="main.cpp" />
    <ClCompile Include="AI\Agent\Agent.cpp">
      <Filter>AI\Agent</Filter>
    </ClCompile>
    <ClCompile Include="Core\stdafx.cpp">
      <Filter>Core</Filter>
    </ClCompile>
  </ItemGroup>
  <ItemGroup>
    <ClInclude Include="AI\Agent\Agent.h">
      <Filter>AI\Agent</Filter>
    </ClInclude>
    <ClInclude Include="Core\stdafx.h">
      <Filter>Core</Filter>
    </ClInclude>
  </ItemGroup>
</Project>